<?xml version="1.0" encoding="utf-8"?>
<Project ToolsVersion="4.0" xmlns="http://schemas.microsoft.com/developer/msbuild/2003">
  <ItemGroup>
    <Filter Include="Исходные файлы">
      <UniqueIdentifier>{4FC737F1-C7A5-4376-A066-2A32D752A2FF}</UniqueIdentifier>
      <Extensions>cpp;c;cc;cxx;def;odl;idl;hpj;bat;asm;asmx</Extensions>
    </Filter>
    <Filter Include="Файлы заголовков">
      <UniqueIdentifier>{93995380-89BD-4b04-88EB-625FBE52EBFB}</UniqueIdentifier>
      <Extensions>h;hh;hpp;hxx;hm;inl;inc;ipp;xsd</Extensions>
    </Filter>
    <Filter Include="Файлы ресурсов">
      <UniqueIdentifier>{67DA6AB6-F800-4c08-8B7A-83BB121AAD01}</UniqueIdentifier>
      <Extensions>rc;ico;cur;bmp;dlg;rc2;rct;bin;rgs;gif;jpg;jpeg;jpe;resx;tiff;tif;png;wav;mfcribbon-ms</Extensions>
    </Filter>
    <Filter Include="Исходные файлы\Levels">
      <UniqueIdentifier>{11e3b985-695b-4fc5-86f1-46e80945eb31}</UniqueIdentifier>
    </Filter>
    <Filter Include="Исходные файлы\Levels\Normal">
      <UniqueIdentifier>{ce538078-54b5-423f-94cd-68fe8992d9e1}</UniqueIdentifier>
    </Filter>
    <Filter Include="Исходные файлы\Levels\Beginner">
      <UniqueIdentifier>{1ecd30cf-72fa-40e4-a829-c1c303ca883e}</UniqueIdentifier>
    </Filter>
    <Filter Include="Исходные файлы\Levels\Hard">
      <UniqueIdentifier>{ad9a7e71-095e-4b00-a987-2eb7fdc20286}</UniqueIdentifier>
    </Filter>
  </ItemGroup>
  <ItemGroup>
    <ClCompile Include="main.cpp">
      <Filter>Исходные файлы</Filter>
    </ClCompile>
    <ClCompile Include="Normal.cpp">
      <Filter>Исходные файлы</Filter>
    </ClCompile>
    <ClCompile Include="Beginner.cpp">
      <Filter>Исходные файлы</Filter>
    </ClCompile>
    <ClCompile Include="Hard.cpp">
      <Filter>Исходные файлы</Filter>
    </ClCompile>
    <ClCompile Include="2591.cpp">
      <Filter>Исходные файлы\Levels\Beginner</Filter>
    </ClCompile>
    <ClCompile Include="5058.cpp">
      <Filter>Исходные файлы\Levels\Normal</Filter>
    </ClCompile>
    <ClCompile Include="2588.cpp">
      <Filter>Исходные файлы\Levels\Beginner</Filter>
    </ClCompile>
    <ClCompile Include="4615.cpp">
      <Filter>Исходные файлы\Levels\Beginner</Filter>
    </ClCompile>
    <ClCompile Include="2586.cpp">
      <Filter>Исходные файлы\Levels\Beginner</Filter>
    </ClCompile>
    <ClCompile Include="2598.cpp">
      <Filter>Исходные файлы\Levels\Beginner</Filter>
    </ClCompile>
    <ClCompile Include="2567.cpp">
      <Filter>Исходные файлы\Levels\Beginner</Filter>
    </ClCompile>
    <ClCompile Include="2573.cpp">
      <Filter>Исходные файлы\Levels\Beginner</Filter>
    </ClCompile>
    <ClCompile Include="1395.cpp">
      <Filter>Исходные файлы\Levels\Beginner</Filter>
    </ClCompile>
    <ClCompile Include="2608.cpp">
      <Filter>Исходные файлы\Levels\Beginner</Filter>
    </ClCompile>
    <ClCompile Include="2606.cpp">
      <Filter>Исходные файлы\Levels\Beginner</Filter>
    </ClCompile>
    <ClCompile Include="1315.cpp">
      <Filter>Исходные файлы\Levels\Normal</Filter>
    </ClCompile>
    <ClCompile Include="1368.cpp">
      <Filter>Исходные файлы\Levels\Normal</Filter>
    </ClCompile>
    <ClCompile Include="1510.cpp">
      <Filter>Исходные файлы\Levels\Normal</Filter>
    </ClCompile>
    <ClCompile Include="1431.cpp">
      <Filter>Исходные файлы\Levels\Normal</Filter>
    </ClCompile>
  </ItemGroup>
</Project>